
Microsoft Visual Studio Solution File, Format Version 12.00
Project("{FAE04EC0-301F-11D3-BF4B-00C04F79EFBC}") = "OneBarker.WebOfStars", "OneBarker.WebOfStars\OneBarker.WebOfStars.csproj", "{C68F64AA-F527-482E-B55C-816A9DA15BC6}"
EndProject
Project("{FAE04EC0-301F-11D3-BF4B-00C04F79EFBC}") = "OneBarker.WebOfStars.Tests", "OneBarker.WebOfStars.Tests\OneBarker.WebOfStars.Tests.csproj", "{54F09AF1-5F6E-4C44-A27E-5B2B433410E9}"
EndProject
Global
	GlobalSection(SolutionConfigurationPlatforms) = preSolution
		Debug|Any CPU = Debug|Any CPU
		Release|Any CPU = Release|Any CPU
	EndGlobalSection
	GlobalSection(ProjectConfigurationPlatforms) = postSolution
		{C68F64AA-F527-482E-B55C-816A9DA15BC6}.Debug|Any CPU.ActiveCfg = Debug|Any CPU
		{C68F64AA-F527-482E-B55C-816A9DA15BC6}.Debug|Any CPU.Build.0 = Debug|Any CPU
		{C68F64AA-F527-482E-B55C-816A9DA15BC6}.Release|Any CPU.ActiveCfg = Release|Any CPU
		{C68F64AA-F527-482E-B55C-816A9DA15BC6}.Release|Any CPU.Build.0 = Release|Any CPU
		{54F09AF1-5F6E-4C44-A27E-5B2B433410E9}.Debug|Any CPU.ActiveCfg = Debug|Any CPU
		{54F09AF1-5F6E-4C44-A27E-5B2B433410E9}.Debug|Any CPU.Build.0 = Debug|Any CPU
		{54F09AF1-5F6E-4C44-A27E-5B2B433410E9}.Release|Any CPU.ActiveCfg = Release|Any CPU
		{54F09AF1-5F6E-4C44-A27E-5B2B433410E9}.Release|Any CPU.Build.0 = Release|Any CPU
	EndGlobalSection
EndGlobal
